{
  "pins" : [
    {
      "identity" : "appconstant",
      "kind" : "remoteSourceControl",
      "location" : "https://github.com/Hitesh-mor/AppConstant.git",
      "state" : {
        "revision" : "d04d64fa26323d13eb35a205ea1511764fc5af07",
        "version" : "0.0.1"
      }
    }
  ],
  "version" : 2
}
