{
  "pins" : [
    {
      "identity" : "appconstant",
      "kind" : "remoteSourceControl",
      "location" : "https://github.com/Hitesh-mor/AppConstant.git",
      "state" : {
        "revision" : "bc9ad62f7af51a80f88cba219689572f033d1068",
        "version" : "0.0.2"
      }
    }
  ],
  "version" : 2
}
